
Microsoft Visual Studio Solution File, Format Version 12.00
# Visual Studio Version 17
VisualStudioVersion = 17.3.32819.101
MinimumVisualStudioVersion = 10.0.40219.1
Project("{FAE04EC0-301F-11D3-BF4B-00C04F79EFBC}") = "ASM2_1651", "ASM2_1651\ASM2_1651.csproj", "{0EED07DF-62B4-4B34-B09E-EA92F0D9844C}"
EndProject
Global
	GlobalSection(SolutionConfigurationPlatforms) = preSolution
		Debug|Any CPU = Debug|Any CPU
		Release|Any CPU = Release|Any CPU
	EndGlobalSection
	GlobalSection(ProjectConfigurationPlatforms) = postSolution
		{0EED07DF-62B4-4B34-B09E-EA92F0D9844C}.Debug|Any CPU.ActiveCfg = Debug|Any CPU
		{0EED07DF-62B4-4B34-B09E-EA92F0D9844C}.Debug|Any CPU.Build.0 = Debug|Any CPU
		{0EED07DF-62B4-4B34-B09E-EA92F0D9844C}.Release|Any CPU.ActiveCfg = Release|Any CPU
		{0EED07DF-62B4-4B34-B09E-EA92F0D9844C}.Release|Any CPU.Build.0 = Release|Any CPU
	EndGlobalSection
	GlobalSection(SolutionProperties) = preSolution
		HideSolutionNode = FALSE
	EndGlobalSection
	GlobalSection(ExtensibilityGlobals) = postSolution
		SolutionGuid = {2607172D-6414-4EBE-A956-13C40C9BED85}
	EndGlobalSection
EndGlobal
